
Microsoft Visual Studio Solution File, Format Version 12.00
# Visual Studio Version 17
VisualStudioVersion = 17.8.34322.80
MinimumVisualStudioVersion = 10.0.40219.1
Project("{2150E333-8FDC-42A3-9474-1A3956D46DE8}") = "src", "src", "{E515C282-248F-4FB9-BA17-9BE6ACB59AA8}"
EndProject
Project("{2150E333-8FDC-42A3-9474-1A3956D46DE8}") = "tests", "tests", "{A3437627-8FCA-4206-9228-FC27D154DF97}"
EndProject
Project("{FAE04EC0-301F-11D3-BF4B-00C04F79EFBC}") = "POS.Domain", "POS.Domain\POS.Domain.csproj", "{13F88786-664A-49F9-A10D-FE28571765BF}"
EndProject
Project("{FAE04EC0-301F-11D3-BF4B-00C04F79EFBC}") = "POS.Infraestructure", "POS.Infraestructure\POS.Infraestructure.csproj", "{8957DF29-7150-4757-B29D-BC5902AE293A}"
EndProject
Project("{FAE04EC0-301F-11D3-BF4B-00C04F79EFBC}") = "POS.Application", "POS.Application\POS.Application.csproj", "{D7E89642-16BC-407F-AD7C-2C1912EEF8A7}"
EndProject
Project("{FAE04EC0-301F-11D3-BF4B-00C04F79EFBC}") = "POS.API", "POS.API\POS.API.csproj", "{D9027C02-1AE1-407F-9EE5-345C04861FC0}"
EndProject
Project("{FAE04EC0-301F-11D3-BF4B-00C04F79EFBC}") = "POS.Utilities", "POS.Utilities\POS.Utilities.csproj", "{29E3A459-1D7C-44F0-B444-6DDF1FDA592A}"
EndProject
Project("{FAE04EC0-301F-11D3-BF4B-00C04F79EFBC}") = "POS.Test", "POS.Test\POS.Test.csproj", "{96AFE9A8-EBB3-46C7-8C9A-8D9B86BB36EF}"
EndProject
Global
	GlobalSection(SolutionConfigurationPlatforms) = preSolution
		Debug|Any CPU = Debug|Any CPU
		Release|Any CPU = Release|Any CPU
	EndGlobalSection
	GlobalSection(ProjectConfigurationPlatforms) = postSolution
		{13F88786-664A-49F9-A10D-FE28571765BF}.Debug|Any CPU.ActiveCfg = Debug|Any CPU
		{13F88786-664A-49F9-A10D-FE28571765BF}.Debug|Any CPU.Build.0 = Debug|Any CPU
		{13F88786-664A-49F9-A10D-FE28571765BF}.Release|Any CPU.ActiveCfg = Release|Any CPU
		{13F88786-664A-49F9-A10D-FE28571765BF}.Release|Any CPU.Build.0 = Release|Any CPU
		{8957DF29-7150-4757-B29D-BC5902AE293A}.Debug|Any CPU.ActiveCfg = Debug|Any CPU
		{8957DF29-7150-4757-B29D-BC5902AE293A}.Debug|Any CPU.Build.0 = Debug|Any CPU
		{8957DF29-7150-4757-B29D-BC5902AE293A}.Release|Any CPU.ActiveCfg = Release|Any CPU
		{8957DF29-7150-4757-B29D-BC5902AE293A}.Release|Any CPU.Build.0 = Release|Any CPU
		{D7E89642-16BC-407F-AD7C-2C1912EEF8A7}.Debug|Any CPU.ActiveCfg = Debug|Any CPU
		{D7E89642-16BC-407F-AD7C-2C1912EEF8A7}.Debug|Any CPU.Build.0 = Debug|Any CPU
		{D7E89642-16BC-407F-AD7C-2C1912EEF8A7}.Release|Any CPU.ActiveCfg = Release|Any CPU
		{D7E89642-16BC-407F-AD7C-2C1912EEF8A7}.Release|Any CPU.Build.0 = Release|Any CPU
		{D9027C02-1AE1-407F-9EE5-345C04861FC0}.Debug|Any CPU.ActiveCfg = Debug|Any CPU
		{D9027C02-1AE1-407F-9EE5-345C04861FC0}.Debug|Any CPU.Build.0 = Debug|Any CPU
		{D9027C02-1AE1-407F-9EE5-345C04861FC0}.Release|Any CPU.ActiveCfg = Release|Any CPU
		{D9027C02-1AE1-407F-9EE5-345C04861FC0}.Release|Any CPU.Build.0 = Release|Any CPU
		{29E3A459-1D7C-44F0-B444-6DDF1FDA592A}.Debug|Any CPU.ActiveCfg = Debug|Any CPU
		{29E3A459-1D7C-44F0-B444-6DDF1FDA592A}.Debug|Any CPU.Build.0 = Debug|Any CPU
		{29E3A459-1D7C-44F0-B444-6DDF1FDA592A}.Release|Any CPU.ActiveCfg = Release|Any CPU
		{29E3A459-1D7C-44F0-B444-6DDF1FDA592A}.Release|Any CPU.Build.0 = Release|Any CPU
		{96AFE9A8-EBB3-46C7-8C9A-8D9B86BB36EF}.Debug|Any CPU.ActiveCfg = Debug|Any CPU
		{96AFE9A8-EBB3-46C7-8C9A-8D9B86BB36EF}.Debug|Any CPU.Build.0 = Debug|Any CPU
		{96AFE9A8-EBB3-46C7-8C9A-8D9B86BB36EF}.Release|Any CPU.ActiveCfg = Release|Any CPU
		{96AFE9A8-EBB3-46C7-8C9A-8D9B86BB36EF}.Release|Any CPU.Build.0 = Release|Any CPU
	EndGlobalSection
	GlobalSection(SolutionProperties) = preSolution
		HideSolutionNode = FALSE
	EndGlobalSection
	GlobalSection(NestedProjects) = preSolution
		{13F88786-664A-49F9-A10D-FE28571765BF} = {E515C282-248F-4FB9-BA17-9BE6ACB59AA8}
		{8957DF29-7150-4757-B29D-BC5902AE293A} = {E515C282-248F-4FB9-BA17-9BE6ACB59AA8}
		{D7E89642-16BC-407F-AD7C-2C1912EEF8A7} = {E515C282-248F-4FB9-BA17-9BE6ACB59AA8}
		{D9027C02-1AE1-407F-9EE5-345C04861FC0} = {E515C282-248F-4FB9-BA17-9BE6ACB59AA8}
		{29E3A459-1D7C-44F0-B444-6DDF1FDA592A} = {E515C282-248F-4FB9-BA17-9BE6ACB59AA8}
		{96AFE9A8-EBB3-46C7-8C9A-8D9B86BB36EF} = {A3437627-8FCA-4206-9228-FC27D154DF97}
	EndGlobalSection
	GlobalSection(ExtensibilityGlobals) = postSolution
		SolutionGuid = {D3EE7B22-4893-4006-AD8C-0DC87C97ED56}
	EndGlobalSection
EndGlobal
